
Microsoft Visual Studio Solution File, Format Version 12.00
# Visual Studio Version 17
VisualStudioVersion = 17.5.002.0
MinimumVisualStudioVersion = 10.0.40219.1
Project("{9A19103F-16F7-4668-BE54-9A1E7A4F7556}") = "rubook-backend", "rubook-backend\rubook-backend.csproj", "{E27D59F1-9BF1-4ED1-B425-89A08C10918D}"
EndProject
Global
	GlobalSection(SolutionConfigurationPlatforms) = preSolution
		Debug|Any CPU = Debug|Any CPU
		Release|Any CPU = Release|Any CPU
	EndGlobalSection
	GlobalSection(ProjectConfigurationPlatforms) = postSolution
		{E27D59F1-9BF1-4ED1-B425-89A08C10918D}.Debug|Any CPU.ActiveCfg = Debug|Any CPU
		{E27D59F1-9BF1-4ED1-B425-89A08C10918D}.Debug|Any CPU.Build.0 = Debug|Any CPU
		{E27D59F1-9BF1-4ED1-B425-89A08C10918D}.Release|Any CPU.ActiveCfg = Release|Any CPU
		{E27D59F1-9BF1-4ED1-B425-89A08C10918D}.Release|Any CPU.Build.0 = Release|Any CPU
	EndGlobalSection
	GlobalSection(SolutionProperties) = preSolution
		HideSolutionNode = FALSE
	EndGlobalSection
	GlobalSection(ExtensibilityGlobals) = postSolution
		SolutionGuid = {6D97A229-517C-4370-8600-11D81BA80A7F}
	EndGlobalSection
EndGlobal
